
Microsoft Visual Studio Solution File, Format Version 12.00
Project("{FAE04EC0-301F-11D3-BF4B-00C04F79EFBC}") = "PetriNetwork.Lib", "PetriNetwork.Lib\PetriNetwork.Lib.csproj", "{ED2C5A6B-2B89-4A29-BDD3-CFE2A2AA28EA}"
EndProject
Global
	GlobalSection(SolutionConfigurationPlatforms) = preSolution
		Debug|Any CPU = Debug|Any CPU
		Release|Any CPU = Release|Any CPU
	EndGlobalSection
	GlobalSection(ProjectConfigurationPlatforms) = postSolution
		{ED2C5A6B-2B89-4A29-BDD3-CFE2A2AA28EA}.Debug|Any CPU.ActiveCfg = Debug|Any CPU
		{ED2C5A6B-2B89-4A29-BDD3-CFE2A2AA28EA}.Debug|Any CPU.Build.0 = Debug|Any CPU
		{ED2C5A6B-2B89-4A29-BDD3-CFE2A2AA28EA}.Release|Any CPU.ActiveCfg = Release|Any CPU
		{ED2C5A6B-2B89-4A29-BDD3-CFE2A2AA28EA}.Release|Any CPU.Build.0 = Release|Any CPU
	EndGlobalSection
EndGlobal
